
Microsoft Visual Studio Solution File, Format Version 12.00
# Visual Studio Version 16
VisualStudioVersion = 16.0.30907.101
MinimumVisualStudioVersion = 10.0.40219.1
Project("{FAE04EC0-301F-11D3-BF4B-00C04F79EFBC}") = "LineComparision1", "LineComparision1\LineComparision1.csproj", "{1E5321DE-626E-4345-863C-258EE12CB61F}"
EndProject
Global
	GlobalSection(SolutionConfigurationPlatforms) = preSolution
		Debug|Any CPU = Debug|Any CPU
		Release|Any CPU = Release|Any CPU
	EndGlobalSection
	GlobalSection(ProjectConfigurationPlatforms) = postSolution
		{1E5321DE-626E-4345-863C-258EE12CB61F}.Debug|Any CPU.ActiveCfg = Debug|Any CPU
		{1E5321DE-626E-4345-863C-258EE12CB61F}.Debug|Any CPU.Build.0 = Debug|Any CPU
		{1E5321DE-626E-4345-863C-258EE12CB61F}.Release|Any CPU.ActiveCfg = Release|Any CPU
		{1E5321DE-626E-4345-863C-258EE12CB61F}.Release|Any CPU.Build.0 = Release|Any CPU
	EndGlobalSection
	GlobalSection(SolutionProperties) = preSolution
		HideSolutionNode = FALSE
	EndGlobalSection
	GlobalSection(ExtensibilityGlobals) = postSolution
		SolutionGuid = {5D2E8B22-7CC0-443E-8C2D-E05562F94E2A}
	EndGlobalSection
EndGlobal
